// !$*UTF8*$!
{
	archiveVersion = 1;
	classes = {
	};
	objectVersion = 55;
	objects = {

/* Begin PBXBuildFile section */
		D71A9F62284C890F00327DE8 /* CheckboxStyle.swift in Sources */ = {isa = PBXBuildFile; fileRef = D71A9F61284C890F00327DE8 /* CheckboxStyle.swift */; };
		D71A9F64284C8F0300327DE8 /* SoundPlayer.swift in Sources */ = {isa = PBXBuildFile; fileRef = D71A9F63284C8F0300327DE8 /* SoundPlayer.swift */; };
		D71A9F6C284C937400327DE8 /* WidgetKit.framework in Frameworks */ = {isa = PBXBuildFile; fileRef = D71A9F6B284C937400327DE8 /* WidgetKit.framework */; };
		D71A9F6E284C937400327DE8 /* SwiftUI.framework in Frameworks */ = {isa = PBXBuildFile; fileRef = D71A9F6D284C937400327DE8 /* SwiftUI.framework */; };
		D71A9F71284C937400327DE8 /* DevoteWidget.swift in Sources */ = {isa = PBXBuildFile; fileRef = D71A9F70284C937400327DE8 /* DevoteWidget.swift */; };
		D71A9F73284C937900327DE8 /* Assets.xcassets in Resources */ = {isa = PBXBuildFile; fileRef = D71A9F72284C937900327DE8 /* Assets.xcassets */; };
		D71A9F77284C937900327DE8 /* DevoteWidgetExtension.appex in Embed App Extensions */ = {isa = PBXBuildFile; fileRef = D71A9F69284C937400327DE8 /* DevoteWidgetExtension.appex */; settings = {ATTRIBUTES = (RemoveHeadersOnCopy, ); }; };
		D7261816284C5D5D00A803DF /* Constant.swift in Sources */ = {isa = PBXBuildFile; fileRef = D7261815284C5D5D00A803DF /* Constant.swift */; };
		D7261818284C6A9E00A803DF /* HideKeyboardExtension.swift in Sources */ = {isa = PBXBuildFile; fileRef = D7261817284C6A9E00A803DF /* HideKeyboardExtension.swift */; };
		D726181A284C6FF100A803DF /* BackgroundImageView.swift in Sources */ = {isa = PBXBuildFile; fileRef = D7261819284C6FF100A803DF /* BackgroundImageView.swift */; };
		D726181C284C72A000A803DF /* NewTaskItemView.swift in Sources */ = {isa = PBXBuildFile; fileRef = D726181B284C72A000A803DF /* NewTaskItemView.swift */; };
		D726181E284C78B700A803DF /* BlankView.swift in Sources */ = {isa = PBXBuildFile; fileRef = D726181D284C78B700A803DF /* BlankView.swift */; };
		D7261820284C841B00A803DF /* ListRowItemView.swift in Sources */ = {isa = PBXBuildFile; fileRef = D726181F284C841B00A803DF /* ListRowItemView.swift */; };
		D7A8BAE8284C4D82008A2126 /* DevoteApp.swift in Sources */ = {isa = PBXBuildFile; fileRef = D7A8BAE7284C4D82008A2126 /* DevoteApp.swift */; };
		D7A8BAEA284C4D82008A2126 /* ContentView.swift in Sources */ = {isa = PBXBuildFile; fileRef = D7A8BAE9284C4D82008A2126 /* ContentView.swift */; };
		D7A8BAEC284C4D84008A2126 /* Assets.xcassets in Resources */ = {isa = PBXBuildFile; fileRef = D7A8BAEB284C4D84008A2126 /* Assets.xcassets */; };
		D7A8BAEF284C4D84008A2126 /* Preview Assets.xcassets in Resources */ = {isa = PBXBuildFile; fileRef = D7A8BAEE284C4D84008A2126 /* Preview Assets.xcassets */; };
		D7A8BAF1284C4D84008A2126 /* Persistence.swift in Sources */ = {isa = PBXBuildFile; fileRef = D7A8BAF0284C4D84008A2126 /* Persistence.swift */; };
		D7A8BAF4284C4D84008A2126 /* Devote.xcdatamodeld in Sources */ = {isa = PBXBuildFile; fileRef = D7A8BAF2284C4D84008A2126 /* Devote.xcdatamodeld */; };
		D7A8BB00284C5060008A2126 /* sound-tap.mp3 in Resources */ = {isa = PBXBuildFile; fileRef = D7A8BAFD284C5060008A2126 /* sound-tap.mp3 */; };
		D7A8BB01284C5060008A2126 /* sound-ding.mp3 in Resources */ = {isa = PBXBuildFile; fileRef = D7A8BAFE284C5060008A2126 /* sound-ding.mp3 */; };
		D7A8BB02284C5060008A2126 /* sound-rise.mp3 in Resources */ = {isa = PBXBuildFile; fileRef = D7A8BAFF284C5060008A2126 /* sound-rise.mp3 */; };
/* End PBXBuildFile section */

/* Begin PBXContainerItemProxy section */
		D71A9F75284C937900327DE8 /* PBXContainerItemProxy */ = {
			isa = PBXContainerItemProxy;
			containerPortal = D7A8BADC284C4D82008A2126 /* Project object */;
			proxyType = 1;
			remoteGlobalIDString = D71A9F68284C937400327DE8;
			remoteInfo = DevoteWidgetExtension;
		};
/* End PBXContainerItemProxy section */

/* Begin PBXCopyFilesBuildPhase section */
		D71A9F7B284C937900327DE8 /* Embed App Extensions */ = {
			isa = PBXCopyFilesBuildPhase;
			buildActionMask = 2147483647;
			dstPath = "";
			dstSubfolderSpec = 13;
			files = (
				D71A9F77284C937900327DE8 /* DevoteWidgetExtension.appex in Embed App Extensions */,
			);
			name = "Embed App Extensions";
			runOnlyForDeploymentPostprocessing = 0;
		};
/* End PBXCopyFilesBuildPhase section */

/* Begin PBXFileReference section */
		D71A9F61284C890F00327DE8 /* CheckboxStyle.swift */ = {isa = PBXFileReference; lastKnownFileType = sourcecode.swift; path = CheckboxStyle.swift; sourceTree = "<group>"; };
		D71A9F63284C8F0300327DE8 /* SoundPlayer.swift */ = {isa = PBXFileReference; lastKnownFileType = sourcecode.swift; path = SoundPlayer.swift; sourceTree = "<group>"; };
		D71A9F69284C937400327DE8 /* DevoteWidgetExtension.appex */ = {isa = PBXFileReference; explicitFileType = "wrapper.app-extension"; includeInIndex = 0; path = DevoteWidgetExtension.appex; sourceTree = BUILT_PRODUCTS_DIR; };
		D71A9F6B284C937400327DE8 /* WidgetKit.framework */ = {isa = PBXFileReference; lastKnownFileType = wrapper.framework; name = WidgetKit.framework; path = System/Library/Frameworks/WidgetKit.framework; sourceTree = SDKROOT; };
		D71A9F6D284C937400327DE8 /* SwiftUI.framework */ = {isa = PBXFileReference; lastKnownFileType = wrapper.framework; name = SwiftUI.framework; path = System/Library/Frameworks/SwiftUI.framework; sourceTree = SDKROOT; };
		D71A9F70284C937400327DE8 /* DevoteWidget.swift */ = {isa = PBXFileReference; lastKnownFileType = sourcecode.swift; path = DevoteWidget.swift; sourceTree = "<group>"; };
		D71A9F72284C937900327DE8 /* Assets.xcassets */ = {isa = PBXFileReference; lastKnownFileType = folder.assetcatalog; path = Assets.xcassets; sourceTree = "<group>"; };
		D71A9F74284C937900327DE8 /* Info.plist */ = {isa = PBXFileReference; lastKnownFileType = text.plist.xml; path = Info.plist; sourceTree = "<group>"; };
		D7261815284C5D5D00A803DF /* Constant.swift */ = {isa = PBXFileReference; lastKnownFileType = sourcecode.swift; path = Constant.swift; sourceTree = "<group>"; };
		D7261817284C6A9E00A803DF /* HideKeyboardExtension.swift */ = {isa = PBXFileReference; lastKnownFileType = sourcecode.swift; path = HideKeyboardExtension.swift; sourceTree = "<group>"; };
		D7261819284C6FF100A803DF /* BackgroundImageView.swift */ = {isa = PBXFileReference; lastKnownFileType = sourcecode.swift; path = BackgroundImageView.swift; sourceTree = "<group>"; };
		D726181B284C72A000A803DF /* NewTaskItemView.swift */ = {isa = PBXFileReference; lastKnownFileType = sourcecode.swift; path = NewTaskItemView.swift; sourceTree = "<group>"; };
		D726181D284C78B700A803DF /* BlankView.swift */ = {isa = PBXFileReference; lastKnownFileType = sourcecode.swift; path = BlankView.swift; sourceTree = "<group>"; };
		D726181F284C841B00A803DF /* ListRowItemView.swift */ = {isa = PBXFileReference; lastKnownFileType = sourcecode.swift; path = ListRowItemView.swift; sourceTree = "<group>"; };
		D7A8BAE4284C4D82008A2126 /* Devote.app */ = {isa = PBXFileReference; explicitFileType = wrapper.application; includeInIndex = 0; path = Devote.app; sourceTree = BUILT_PRODUCTS_DIR; };
		D7A8BAE7284C4D82008A2126 /* DevoteApp.swift */ = {isa = PBXFileReference; lastKnownFileType = sourcecode.swift; path = DevoteApp.swift; sourceTree = "<group>"; };
		D7A8BAE9284C4D82008A2126 /* ContentView.swift */ = {isa = PBXFileReference; lastKnownFileType = sourcecode.swift; path = ContentView.swift; sourceTree = "<group>"; };
		D7A8BAEB284C4D84008A2126 /* Assets.xcassets */ = {isa = PBXFileReference; lastKnownFileType = folder.assetcatalog; path = Assets.xcassets; sourceTree = "<group>"; };
		D7A8BAEE284C4D84008A2126 /* Preview Assets.xcassets */ = {isa = PBXFileReference; lastKnownFileType = folder.assetcatalog; path = "Preview Assets.xcassets"; sourceTree = "<group>"; };
		D7A8BAF0284C4D84008A2126 /* Persistence.swift */ = {isa = PBXFileReference; lastKnownFileType = sourcecode.swift; path = Persistence.swift; sourceTree = "<group>"; };
		D7A8BAF3284C4D84008A2126 /* Devote.xcdatamodel */ = {isa = PBXFileReference; lastKnownFileType = wrapper.xcdatamodel; path = Devote.xcdatamodel; sourceTree = "<group>"; };
		D7A8BAFD284C5060008A2126 /* sound-tap.mp3 */ = {isa = PBXFileReference; lastKnownFileType = audio.mp3; path = "sound-tap.mp3"; sourceTree = "<group>"; };
		D7A8BAFE284C5060008A2126 /* sound-ding.mp3 */ = {isa = PBXFileReference; lastKnownFileType = audio.mp3; path = "sound-ding.mp3"; sourceTree = "<group>"; };
		D7A8BAFF284C5060008A2126 /* sound-rise.mp3 */ = {isa = PBXFileReference; lastKnownFileType = audio.mp3; path = "sound-rise.mp3"; sourceTree = "<group>"; };
		D7A8BB08284C512E008A2126 /* Info.plist */ = {isa = PBXFileReference; lastKnownFileType = text.plist; path = Info.plist; sourceTree = "<group>"; };
/* End PBXFileReference section */

/* Begin PBXFrameworksBuildPhase section */
		D71A9F66284C937400327DE8 /* Frameworks */ = {
			isa = PBXFrameworksBuildPhase;
			buildActionMask = 2147483647;
			files = (
				D71A9F6E284C937400327DE8 /* SwiftUI.framework in Frameworks */,
				D71A9F6C284C937400327DE8 /* WidgetKit.framework in Frameworks */,
			);
			runOnlyForDeploymentPostprocessing = 0;
		};
		D7A8BAE1284C4D82008A2126 /* Frameworks */ = {
			isa = PBXFrameworksBuildPhase;
			buildActionMask = 2147483647;
			files = (
			);
			runOnlyForDeploymentPostprocessing = 0;
		};
/* End PBXFrameworksBuildPhase section */

/* Begin PBXGroup section */
		D71A9F6A284C937400327DE8 /* Frameworks */ = {
			isa = PBXGroup;
			children = (
				D71A9F6B284C937400327DE8 /* WidgetKit.framework */,
				D71A9F6D284C937400327DE8 /* SwiftUI.framework */,
			);
			name = Frameworks;
			sourceTree = "<group>";
		};
		D71A9F6F284C937400327DE8 /* DevoteWidget */ = {
			isa = PBXGroup;
			children = (
				D71A9F70284C937400327DE8 /* DevoteWidget.swift */,
				D71A9F72284C937900327DE8 /* Assets.xcassets */,
				D71A9F74284C937900327DE8 /* Info.plist */,
			);
			path = DevoteWidget;
			sourceTree = "<group>";
		};
		D7A8BADB284C4D82008A2126 = {
			isa = PBXGroup;
			children = (
				D7A8BAE6284C4D82008A2126 /* Devote */,
				D71A9F6F284C937400327DE8 /* DevoteWidget */,
				D71A9F6A284C937400327DE8 /* Frameworks */,
				D7A8BAE5284C4D82008A2126 /* Products */,
			);
			sourceTree = "<group>";
		};
		D7A8BAE5284C4D82008A2126 /* Products */ = {
			isa = PBXGroup;
			children = (
				D7A8BAE4284C4D82008A2126 /* Devote.app */,
				D71A9F69284C937400327DE8 /* DevoteWidgetExtension.appex */,
			);
			name = Products;
			sourceTree = "<group>";
		};
		D7A8BAE6284C4D82008A2126 /* Devote */ = {
			isa = PBXGroup;
			children = (
				D7A8BB08284C512E008A2126 /* Info.plist */,
				D7A8BAE7284C4D82008A2126 /* DevoteApp.swift */,
				D7A8BB07284C50D7008A2126 /* View */,
				D7A8BB06284C50AA008A2126 /* Model */,
				D7A8BB05284C508A008A2126 /* Style */,
				D7A8BB04284C5082008A2126 /* Utility */,
				D7A8BB03284C5072008A2126 /* Extension */,
				D7A8BAFC284C504C008A2126 /* Sound */,
				D7A8BAEB284C4D84008A2126 /* Assets.xcassets */,
				D7A8BAED284C4D84008A2126 /* Preview Content */,
			);
			path = Devote;
			sourceTree = "<group>";
		};
		D7A8BAED284C4D84008A2126 /* Preview Content */ = {
			isa = PBXGroup;
			children = (
				D7A8BAEE284C4D84008A2126 /* Preview Assets.xcassets */,
			);
			path = "Preview Content";
			sourceTree = "<group>";
		};
		D7A8BAFC284C504C008A2126 /* Sound */ = {
			isa = PBXGroup;
			children = (
				D7A8BAFE284C5060008A2126 /* sound-ding.mp3 */,
				D7A8BAFF284C5060008A2126 /* sound-rise.mp3 */,
				D7A8BAFD284C5060008A2126 /* sound-tap.mp3 */,
			);
			path = Sound;
			sourceTree = "<group>";
		};
		D7A8BB03284C5072008A2126 /* Extension */ = {
			isa = PBXGroup;
			children = (
				D7261817284C6A9E00A803DF /* HideKeyboardExtension.swift */,
			);
			path = Extension;
			sourceTree = "<group>";
		};
		D7A8BB04284C5082008A2126 /* Utility */ = {
			isa = PBXGroup;
			children = (
				D7261815284C5D5D00A803DF /* Constant.swift */,
				D71A9F63284C8F0300327DE8 /* SoundPlayer.swift */,
			);
			path = Utility;
			sourceTree = "<group>";
		};
		D7A8BB05284C508A008A2126 /* Style */ = {
			isa = PBXGroup;
			children = (
			);
			path = Style;
			sourceTree = "<group>";
		};
		D7A8BB06284C50AA008A2126 /* Model */ = {
			isa = PBXGroup;
			children = (
				D7A8BAF0284C4D84008A2126 /* Persistence.swift */,
				D7A8BAF2284C4D84008A2126 /* Devote.xcdatamodeld */,
			);
			path = Model;
			sourceTree = "<group>";
		};
		D7A8BB07284C50D7008A2126 /* View */ = {
			isa = PBXGroup;
			children = (
				D7A8BAE9284C4D82008A2126 /* ContentView.swift */,
				D7261819284C6FF100A803DF /* BackgroundImageView.swift */,
				D726181B284C72A000A803DF /* NewTaskItemView.swift */,
				D726181D284C78B700A803DF /* BlankView.swift */,
				D726181F284C841B00A803DF /* ListRowItemView.swift */,
				D71A9F61284C890F00327DE8 /* CheckboxStyle.swift */,
			);
			path = View;
			sourceTree = "<group>";
		};
/* End PBXGroup section */

/* Begin PBXNativeTarget section */
		D71A9F68284C937400327DE8 /* DevoteWidgetExtension */ = {
			isa = PBXNativeTarget;
			buildConfigurationList = D71A9F78284C937900327DE8 /* Build configuration list for PBXNativeTarget "DevoteWidgetExtension" */;
			buildPhases = (
				D71A9F65284C937400327DE8 /* Sources */,
				D71A9F66284C937400327DE8 /* Frameworks */,
				D71A9F67284C937400327DE8 /* Resources */,
			);
			buildRules = (
			);
			dependencies = (
			);
			name = DevoteWidgetExtension;
			productName = DevoteWidgetExtension;
			productReference = D71A9F69284C937400327DE8 /* DevoteWidgetExtension.appex */;
			productType = "com.apple.product-type.app-extension";
		};
		D7A8BAE3284C4D82008A2126 /* Devote */ = {
			isa = PBXNativeTarget;
			buildConfigurationList = D7A8BAF7284C4D84008A2126 /* Build configuration list for PBXNativeTarget "Devote" */;
			buildPhases = (
				D7A8BAE0284C4D82008A2126 /* Sources */,
				D7A8BAE1284C4D82008A2126 /* Frameworks */,
				D7A8BAE2284C4D82008A2126 /* Resources */,
				D71A9F7B284C937900327DE8 /* Embed App Extensions */,
			);
			buildRules = (
			);
			dependencies = (
				D71A9F76284C937900327DE8 /* PBXTargetDependency */,
			);
			name = Devote;
			productName = Devote;
			productReference = D7A8BAE4284C4D82008A2126 /* Devote.app */;
			productType = "com.apple.product-type.application";
		};
/* End PBXNativeTarget section */

/* Begin PBXProject section */
		D7A8BADC284C4D82008A2126 /* Project object */ = {
			isa = PBXProject;
			attributes = {
				BuildIndependentTargetsInParallel = 1;
				LastSwiftUpdateCheck = 1320;
				LastUpgradeCheck = 1320;
				TargetAttributes = {
					D71A9F68284C937400327DE8 = {
						CreatedOnToolsVersion = 13.2.1;
					};
					D7A8BAE3284C4D82008A2126 = {
						CreatedOnToolsVersion = 13.2.1;
					};
				};
			};
			buildConfigurationList = D7A8BADF284C4D82008A2126 /* Build configuration list for PBXProject "Devote" */;
			compatibilityVersion = "Xcode 13.0";
			developmentRegion = en;
			hasScannedForEncodings = 0;
			knownRegions = (
				en,
				Base,
			);
			mainGroup = D7A8BADB284C4D82008A2126;
			productRefGroup = D7A8BAE5284C4D82008A2126 /* Products */;
			projectDirPath = "";
			projectRoot = "";
			targets = (
				D7A8BAE3284C4D82008A2126 /* Devote */,
				D71A9F68284C937400327DE8 /* DevoteWidgetExtension */,
			);
		};
/* End PBXProject section */

/* Begin PBXResourcesBuildPhase section */
		D71A9F67284C937400327DE8 /* Resources */ = {
			isa = PBXResourcesBuildPhase;
			buildActionMask = 2147483647;
			files = (
				D71A9F73284C937900327DE8 /* Assets.xcassets in Resources */,
			);
			runOnlyForDeploymentPostprocessing = 0;
		};
		D7A8BAE2284C4D82008A2126 /* Resources */ = {
			isa = PBXResourcesBuildPhase;
			buildActionMask = 2147483647;
			files = (
				D7A8BB01284C5060008A2126 /* sound-ding.mp3 in Resources */,
				D7A8BAEF284C4D84008A2126 /* Preview Assets.xcassets in Resources */,
				D7A8BB02284C5060008A2126 /* sound-rise.mp3 in Resources */,
				D7A8BB00284C5060008A2126 /* sound-tap.mp3 in Resources */,
				D7A8BAEC284C4D84008A2126 /* Assets.xcassets in Resources */,
			);
			runOnlyForDeploymentPostprocessing = 0;
		};
/* End PBXResourcesBuildPhase section */

/* Begin PBXSourcesBuildPhase section */
		D71A9F65284C937400327DE8 /* Sources */ = {
			isa = PBXSourcesBuildPhase;
			buildActionMask = 2147483647;
			files = (
				D71A9F71284C937400327DE8 /* DevoteWidget.swift in Sources */,
			);
			runOnlyForDeploymentPostprocessing = 0;
		};
		D7A8BAE0284C4D82008A2126 /* Sources */ = {
			isa = PBXSourcesBuildPhase;
			buildActionMask = 2147483647;
			files = (
				D7A8BAF1284C4D84008A2126 /* Persistence.swift in Sources */,
				D726181A284C6FF100A803DF /* BackgroundImageView.swift in Sources */,
				D7A8BAEA284C4D82008A2126 /* ContentView.swift in Sources */,
				D7261818284C6A9E00A803DF /* HideKeyboardExtension.swift in Sources */,
				D726181E284C78B700A803DF /* BlankView.swift in Sources */,
				D7261816284C5D5D00A803DF /* Constant.swift in Sources */,
				D7261820284C841B00A803DF /* ListRowItemView.swift in Sources */,
				D7A8BAF4284C4D84008A2126 /* Devote.xcdatamodeld in Sources */,
				D7A8BAE8284C4D82008A2126 /* DevoteApp.swift in Sources */,
				D71A9F62284C890F00327DE8 /* CheckboxStyle.swift in Sources */,
				D71A9F64284C8F0300327DE8 /* SoundPlayer.swift in Sources */,
				D726181C284C72A000A803DF /* NewTaskItemView.swift in Sources */,
			);
			runOnlyForDeploymentPostprocessing = 0;
		};
/* End PBXSourcesBuildPhase section */

/* Begin PBXTargetDependency section */
		D71A9F76284C937900327DE8 /* PBXTargetDependency */ = {
			isa = PBXTargetDependency;
			target = D71A9F68284C937400327DE8 /* DevoteWidgetExtension */;
			targetProxy = D71A9F75284C937900327DE8 /* PBXContainerItemProxy */;
		};
/* End PBXTargetDependency section */

/* Begin XCBuildConfiguration section */
		D71A9F79284C937900327DE8 /* Debug */ = {
			isa = XCBuildConfiguration;
			buildSettings = {
				ASSETCATALOG_COMPILER_GLOBAL_ACCENT_COLOR_NAME = AccentColor;
				ASSETCATALOG_COMPILER_WIDGET_BACKGROUND_COLOR_NAME = WidgetBackground;
				CODE_SIGN_STYLE = Automatic;
				CURRENT_PROJECT_VERSION = 1;
				DEVELOPMENT_TEAM = 472KCYDC2N;
				GENERATE_INFOPLIST_FILE = YES;
				INFOPLIST_FILE = DevoteWidget/Info.plist;
				INFOPLIST_KEY_CFBundleDisplayName = DevoteWidget;
				INFOPLIST_KEY_NSHumanReadableCopyright = "";
				LD_RUNPATH_SEARCH_PATHS = (
					"$(inherited)",
					"@executable_path/Frameworks",
					"@executable_path/../../Frameworks",
				);
				MARKETING_VERSION = 1.0;
				PRODUCT_BUNDLE_IDENTIFIER = com.tinonsoftware.Devote.DevoteWidget;
				PRODUCT_NAME = "$(TARGET_NAME)";
				SKIP_INSTALL = YES;
				SWIFT_EMIT_LOC_STRINGS = YES;
				SWIFT_VERSION = 5.0;
				TARGETED_DEVICE_FAMILY = "1,2";
			};
			name = Debug;
		};
		D71A9F7A284C937900327DE8 /* Release */ = {
			isa = XCBuildConfiguration;
			buildSettings = {
				ASSETCATALOG_COMPILER_GLOBAL_ACCENT_COLOR_NAME = AccentColor;
				ASSETCATALOG_COMPILER_WIDGET_BACKGROUND_COLOR_NAME = WidgetBackground;
				CODE_SIGN_STYLE = Automatic;
				CURRENT_PROJECT_VERSION = 1;
				DEVELOPMENT_TEAM = 472KCYDC2N;
				GENERATE_INFOPLIST_FILE = YES;
				INFOPLIST_FILE = DevoteWidget/Info.plist;
				INFOPLIST_KEY_CFBundleDisplayName = DevoteWidget;
				INFOPLIST_KEY_NSHumanReadableCopyright = "";
				LD_RUNPATH_SEARCH_PATHS = (
					"$(inherited)",
					"@executable_path/Frameworks",
					"@executable_path/../../Frameworks",
				);
				MARKETING_VERSION = 1.0;
				PRODUCT_BUNDLE_IDENTIFIER = com.tinonsoftware.Devote.DevoteWidget;
				PRODUCT_NAME = "$(TARGET_NAME)";
				SKIP_INSTALL = YES;
				SWIFT_EMIT_LOC_STRINGS = YES;
				SWIFT_VERSION = 5.0;
				TARGETED_DEVICE_FAMILY = "1,2";
			};
			name = Release;
		};
		D7A8BAF5284C4D84008A2126 /* Debug */ = {
			isa = XCBuildConfiguration;
			buildSettings = {
				ALWAYS_SEARCH_USER_PATHS = NO;
				CLANG_ANALYZER_NONNULL = YES;
				CLANG_ANALYZER_NUMBER_OBJECT_CONVERSION = YES_AGGRESSIVE;
				CLANG_CXX_LANGUAGE_STANDARD = "gnu++17";
				CLANG_CXX_LIBRARY = "libc++";
				CLANG_ENABLE_MODULES = YES;
				CLANG_ENABLE_OBJC_ARC = YES;
				CLANG_ENABLE_OBJC_WEAK = YES;
				CLANG_WARN_BLOCK_CAPTURE_AUTORELEASING = YES;
				CLANG_WARN_BOOL_CONVERSION = YES;
				CLANG_WARN_COMMA = YES;
				CLANG_WARN_CONSTANT_CONVERSION = YES;
				CLANG_WARN_DEPRECATED_OBJC_IMPLEMENTATIONS = YES;
				CLANG_WARN_DIRECT_OBJC_ISA_USAGE = YES_ERROR;
				CLANG_WARN_DOCUMENTATION_COMMENTS = YES;
				CLANG_WARN_EMPTY_BODY = YES;
				CLANG_WARN_ENUM_CONVERSION = YES;
				CLANG_WARN_INFINITE_RECURSION = YES;
				CLANG_WARN_INT_CONVERSION = YES;
				CLANG_WARN_NON_LITERAL_NULL_CONVERSION = YES;
				CLANG_WARN_OBJC_IMPLICIT_RETAIN_SELF = YES;
				CLANG_WARN_OBJC_LITERAL_CONVERSION = YES;
				CLANG_WARN_OBJC_ROOT_CLASS = YES_ERROR;
				CLANG_WARN_QUOTED_INCLUDE_IN_FRAMEWORK_HEADER = YES;
				CLANG_WARN_RANGE_LOOP_ANALYSIS = YES;
				CLANG_WARN_STRICT_PROTOTYPES = YES;
				CLANG_WARN_SUSPICIOUS_MOVE = YES;
				CLANG_WARN_UNGUARDED_AVAILABILITY = YES_AGGRESSIVE;
				CLANG_WARN_UNREACHABLE_CODE = YES;
				CLANG_WARN__DUPLICATE_METHOD_MATCH = YES;
				COPY_PHASE_STRIP = NO;
				DEBUG_INFORMATION_FORMAT = dwarf;
				ENABLE_STRICT_OBJC_MSGSEND = YES;
				ENABLE_TESTABILITY = YES;
				GCC_C_LANGUAGE_STANDARD = gnu11;
				GCC_DYNAMIC_NO_PIC = NO;
				GCC_NO_COMMON_BLOCKS = YES;
				GCC_OPTIMIZATION_LEVEL = 0;
				GCC_PREPROCESSOR_DEFINITIONS = (
					"DEBUG=1",
					"$(inherited)",
				);
				GCC_WARN_64_TO_32_BIT_CONVERSION = YES;
				GCC_WARN_ABOUT_RETURN_TYPE = YES_ERROR;
				GCC_WARN_UNDECLARED_SELECTOR = YES;
				GCC_WARN_UNINITIALIZED_AUTOS = YES_AGGRESSIVE;
				GCC_WARN_UNUSED_FUNCTION = YES;
				GCC_WARN_UNUSED_VARIABLE = YES;
				IPHONEOS_DEPLOYMENT_TARGET = 15.2;
				MTL_ENABLE_DEBUG_INFO = INCLUDE_SOURCE;
				MTL_FAST_MATH = YES;
				ONLY_ACTIVE_ARCH = YES;
				SDKROOT = iphoneos;
				SWIFT_ACTIVE_COMPILATION_CONDITIONS = DEBUG;
				SWIFT_OPTIMIZATION_LEVEL = "-Onone";
			};
			name = Debug;
		};
		D7A8BAF6284C4D84008A2126 /* Release */ = {
			isa = XCBuildConfiguration;
			buildSettings = {
				ALWAYS_SEARCH_USER_PATHS = NO;
				CLANG_ANALYZER_NONNULL = YES;
				CLANG_ANALYZER_NUMBER_OBJECT_CONVERSION = YES_AGGRESSIVE;
				CLANG_CXX_LANGUAGE_STANDARD = "gnu++17";
				CLANG_CXX_LIBRARY = "libc++";
				CLANG_ENABLE_MODULES = YES;
				CLANG_ENABLE_OBJC_ARC = YES;
				CLANG_ENABLE_OBJC_WEAK = YES;
				CLANG_WARN_BLOCK_CAPTURE_AUTORELEASING = YES;
				CLANG_WARN_BOOL_CONVERSION = YES;
				CLANG_WARN_COMMA = YES;
				CLANG_WARN_CONSTANT_CONVERSION = YES;
				CLANG_WARN_DEPRECATED_OBJC_IMPLEMENTATIONS = YES;
				CLANG_WARN_DIRECT_OBJC_ISA_USAGE = YES_ERROR;
				CLANG_WARN_DOCUMENTATION_COMMENTS = YES;
				CLANG_WARN_EMPTY_BODY = YES;
				CLANG_WARN_ENUM_CONVERSION = YES;
				CLANG_WARN_INFINITE_RECURSION = YES;
				CLANG_WARN_INT_CONVERSION = YES;
				CLANG_WARN_NON_LITERAL_NULL_CONVERSION = YES;
				CLANG_WARN_OBJC_IMPLICIT_RETAIN_SELF = YES;
				CLANG_WARN_OBJC_LITERAL_CONVERSION = YES;
				CLANG_WARN_OBJC_ROOT_CLASS = YES_ERROR;
				CLANG_WARN_QUOTED_INCLUDE_IN_FRAMEWORK_HEADER = YES;
				CLANG_WARN_RANGE_LOOP_ANALYSIS = YES;
				CLANG_WARN_STRICT_PROTOTYPES = YES;
				CLANG_WARN_SUSPICIOUS_MOVE = YES;
				CLANG_WARN_UNGUARDED_AVAILABILITY = YES_AGGRESSIVE;
				CLANG_WARN_UNREACHABLE_CODE = YES;
				CLANG_WARN__DUPLICATE_METHOD_MATCH = YES;
				COPY_PHASE_STRIP = NO;
				DEBUG_INFORMATION_FORMAT = "dwarf-with-dsym";
				ENABLE_NS_ASSERTIONS = NO;
				ENABLE_STRICT_OBJC_MSGSEND = YES;
				GCC_C_LANGUAGE_STANDARD = gnu11;
				GCC_NO_COMMON_BLOCKS = YES;
				GCC_WARN_64_TO_32_BIT_CONVERSION = YES;
				GCC_WARN_ABOUT_RETURN_TYPE = YES_ERROR;
				GCC_WARN_UNDECLARED_SELECTOR = YES;
				GCC_WARN_UNINITIALIZED_AUTOS = YES_AGGRESSIVE;
				GCC_WARN_UNUSED_FUNCTION = YES;
				GCC_WARN_UNUSED_VARIABLE = YES;
				IPHONEOS_DEPLOYMENT_TARGET = 15.2;
				MTL_ENABLE_DEBUG_INFO = NO;
				MTL_FAST_MATH = YES;
				SDKROOT = iphoneos;
				SWIFT_COMPILATION_MODE = wholemodule;
				SWIFT_OPTIMIZATION_LEVEL = "-O";
				VALIDATE_PRODUCT = YES;
			};
			name = Release;
		};
		D7A8BAF8284C4D84008A2126 /* Debug */ = {
			isa = XCBuildConfiguration;
			buildSettings = {
				ALWAYS_EMBED_SWIFT_STANDARD_LIBRARIES = YES;
				ASSETCATALOG_COMPILER_APPICON_NAME = AppIcon;
				ASSETCATALOG_COMPILER_GLOBAL_ACCENT_COLOR_NAME = AccentColor;
				CODE_SIGN_STYLE = Automatic;
				CURRENT_PROJECT_VERSION = 1;
				DEVELOPMENT_ASSET_PATHS = "\"Devote/Preview Content\"";
				DEVELOPMENT_TEAM = 472KCYDC2N;
				ENABLE_PREVIEWS = YES;
				GENERATE_INFOPLIST_FILE = YES;
				INFOPLIST_FILE = Devote/Info.plist;
				INFOPLIST_KEY_UIApplicationSceneManifest_Generation = YES;
				INFOPLIST_KEY_UIApplicationSupportsIndirectInputEvents = YES;
				INFOPLIST_KEY_UISupportedInterfaceOrientations = UIInterfaceOrientationPortrait;
				INFOPLIST_KEY_UISupportedInterfaceOrientations_iPad = "UIInterfaceOrientationPortrait UIInterfaceOrientationPortraitUpsideDown UIInterfaceOrientationLandscapeLeft UIInterfaceOrientationLandscapeRight";
				INFOPLIST_KEY_UISupportedInterfaceOrientations_iPhone = "UIInterfaceOrientationPortrait UIInterfaceOrientationLandscapeLeft UIInterfaceOrientationLandscapeRight";
				LD_RUNPATH_SEARCH_PATHS = (
					"$(inherited)",
					"@executable_path/Frameworks",
				);
				MARKETING_VERSION = 1.0;
				PRODUCT_BUNDLE_IDENTIFIER = com.tinonsoftware.Devote;
				PRODUCT_NAME = "$(TARGET_NAME)";
				SWIFT_EMIT_LOC_STRINGS = YES;
				SWIFT_VERSION = 5.0;
				TARGETED_DEVICE_FAMILY = "1,2";
			};
			name = Debug;
		};
		D7A8BAF9284C4D84008A2126 /* Release */ = {
			isa = XCBuildConfiguration;
			buildSettings = {
				ALWAYS_EMBED_SWIFT_STANDARD_LIBRARIES = YES;
				ASSETCATALOG_COMPILER_APPICON_NAME = AppIcon;
				ASSETCATALOG_COMPILER_GLOBAL_ACCENT_COLOR_NAME = AccentColor;
				CODE_SIGN_STYLE = Automatic;
				CURRENT_PROJECT_VERSION = 1;
				DEVELOPMENT_ASSET_PATHS = "\"Devote/Preview Content\"";
				DEVELOPMENT_TEAM = 472KCYDC2N;
				ENABLE_PREVIEWS = YES;
				GENERATE_INFOPLIST_FILE = YES;
				INFOPLIST_FILE = Devote/Info.plist;
				INFOPLIST_KEY_UIApplicationSceneManifest_Generation = YES;
				INFOPLIST_KEY_UIApplicationSupportsIndirectInputEvents = YES;
				INFOPLIST_KEY_UISupportedInterfaceOrientations = UIInterfaceOrientationPortrait;
				INFOPLIST_KEY_UISupportedInterfaceOrientations_iPad = "UIInterfaceOrientationPortrait UIInterfaceOrientationPortraitUpsideDown UIInterfaceOrientationLandscapeLeft UIInterfaceOrientationLandscapeRight";
				INFOPLIST_KEY_UISupportedInterfaceOrientations_iPhone = "UIInterfaceOrientationPortrait UIInterfaceOrientationLandscapeLeft UIInterfaceOrientationLandscapeRight";
				LD_RUNPATH_SEARCH_PATHS = (
					"$(inherited)",
					"@executable_path/Frameworks",
				);
				MARKETING_VERSION = 1.0;
				PRODUCT_BUNDLE_IDENTIFIER = com.tinonsoftware.Devote;
				PRODUCT_NAME = "$(TARGET_NAME)";
				SWIFT_EMIT_LOC_STRINGS = YES;
				SWIFT_VERSION = 5.0;
				TARGETED_DEVICE_FAMILY = "1,2";
			};
			name = Release;
		};
/* End XCBuildConfiguration section */

/* Begin XCConfigurationList section */
		D71A9F78284C937900327DE8 /* Build configuration list for PBXNativeTarget "DevoteWidgetExtension" */ = {
			isa = XCConfigurationList;
			buildConfigurations = (
				D71A9F79284C937900327DE8 /* Debug */,
				D71A9F7A284C937900327DE8 /* Release */,
			);
			defaultConfigurationIsVisible = 0;
			defaultConfigurationName = Release;
		};
		D7A8BADF284C4D82008A2126 /* Build configuration list for PBXProject "Devote" */ = {
			isa = XCConfigurationList;
			buildConfigurations = (
				D7A8BAF5284C4D84008A2126 /* Debug */,
				D7A8BAF6284C4D84008A2126 /* Release */,
			);
			defaultConfigurationIsVisible = 0;
			defaultConfigurationName = Release;
		};
		D7A8BAF7284C4D84008A2126 /* Build configuration list for PBXNativeTarget "Devote" */ = {
			isa = XCConfigurationList;
			buildConfigurations = (
				D7A8BAF8284C4D84008A2126 /* Debug */,
				D7A8BAF9284C4D84008A2126 /* Release */,
			);
			defaultConfigurationIsVisible = 0;
			defaultConfigurationName = Release;
		};
/* End XCConfigurationList section */

/* Begin XCVersionGroup section */
		D7A8BAF2284C4D84008A2126 /* Devote.xcdatamodeld */ = {
			isa = XCVersionGroup;
			children = (
				D7A8BAF3284C4D84008A2126 /* Devote.xcdatamodel */,
			);
			currentVersion = D7A8BAF3284C4D84008A2126 /* Devote.xcdatamodel */;
			path = Devote.xcdatamodeld;
			sourceTree = "<group>";
			versionGroupType = wrapper.xcdatamodel;
		};
/* End XCVersionGroup section */
	};
	rootObject = D7A8BADC284C4D82008A2126 /* Project object */;
}
